# This file is automatically @generated by Wally.
# It is not intended for manual editing.
registry = "test"

[[package]]
name = "anita/paid-to-bleed"
version = "0.1.0"
dependencies = [["ProfileStore", "detourious/loleris-profilestore@1.0.0"], ["zoneplus", "mattschrubb/zoneplus@3.2.0"]]

[[package]]
name = "detourious/loleris-profilestore"
version = "1.0.0"
dependencies = []

[[package]]
name = "mattschrubb/zoneplus"
version = "3.2.0"
dependencies = []
